
Microsoft Visual Studio Solution File, Format Version 12.00
# Visual Studio Version 16
VisualStudioVersion = 16.0.30011.22
MinimumVisualStudioVersion = 10.0.40219.1
Project("{FAE04EC0-301F-11D3-BF4B-00C04F79EFBC}") = "WebApiCalled", "WebApiCalled\WebApiCalled.csproj", "{55FF3DD1-1706-4511-B4E6-7A3D1DAD6743}"
EndProject
Project("{FAE04EC0-301F-11D3-BF4B-00C04F79EFBC}") = "MVCProject", "MVCProject\MVCProject.csproj", "{BBEBBC71-0E9E-48E7-8F8E-6DA037C2B152}"
EndProject
Global
	GlobalSection(SolutionConfigurationPlatforms) = preSolution
		Debug|Any CPU = Debug|Any CPU
		Release|Any CPU = Release|Any CPU
	EndGlobalSection
	GlobalSection(ProjectConfigurationPlatforms) = postSolution
		{55FF3DD1-1706-4511-B4E6-7A3D1DAD6743}.Debug|Any CPU.ActiveCfg = Release|Any CPU
		{55FF3DD1-1706-4511-B4E6-7A3D1DAD6743}.Debug|Any CPU.Build.0 = Release|Any CPU
		{55FF3DD1-1706-4511-B4E6-7A3D1DAD6743}.Release|Any CPU.ActiveCfg = Release|Any CPU
		{55FF3DD1-1706-4511-B4E6-7A3D1DAD6743}.Release|Any CPU.Build.0 = Release|Any CPU
		{BBEBBC71-0E9E-48E7-8F8E-6DA037C2B152}.Debug|Any CPU.ActiveCfg = Debug|Any CPU
		{BBEBBC71-0E9E-48E7-8F8E-6DA037C2B152}.Debug|Any CPU.Build.0 = Debug|Any CPU
		{BBEBBC71-0E9E-48E7-8F8E-6DA037C2B152}.Release|Any CPU.ActiveCfg = Release|Any CPU
		{BBEBBC71-0E9E-48E7-8F8E-6DA037C2B152}.Release|Any CPU.Build.0 = Release|Any CPU
	EndGlobalSection
	GlobalSection(SolutionProperties) = preSolution
		HideSolutionNode = FALSE
	EndGlobalSection
	GlobalSection(ExtensibilityGlobals) = postSolution
		SolutionGuid = {671C1DAB-D6F8-406E-88FA-0AF48A008985}
	EndGlobalSection
EndGlobal
